
Microsoft Visual Studio Solution File, Format Version 12.00
# Visual Studio 15
VisualStudioVersion = 15.0.26730.16
MinimumVisualStudioVersion = 10.0.40219.1
Project("{F184B08F-C81C-45F6-A57F-5ABD9991F28F}") = "Admission_User", "Admission_User\Admission_User.vbproj", "{7464B16E-57C6-4628-9329-10B0981C292A}"
EndProject
Project("{54435603-DBB4-11D2-8724-00A0C9A8B90C}") = "Setup", "Setup\Setup.vdproj", "{CDB885ED-2B65-4453-BF7E-E08DE0BE142D}"
EndProject
Global
	GlobalSection(SolutionConfigurationPlatforms) = preSolution
		Debug|Any CPU = Debug|Any CPU
		Release|Any CPU = Release|Any CPU
	EndGlobalSection
	GlobalSection(ProjectConfigurationPlatforms) = postSolution
		{7464B16E-57C6-4628-9329-10B0981C292A}.Debug|Any CPU.ActiveCfg = Debug|Any CPU
		{7464B16E-57C6-4628-9329-10B0981C292A}.Debug|Any CPU.Build.0 = Debug|Any CPU
		{7464B16E-57C6-4628-9329-10B0981C292A}.Release|Any CPU.ActiveCfg = Release|Any CPU
		{7464B16E-57C6-4628-9329-10B0981C292A}.Release|Any CPU.Build.0 = Release|Any CPU
		{CDB885ED-2B65-4453-BF7E-E08DE0BE142D}.Debug|Any CPU.ActiveCfg = Debug
		{CDB885ED-2B65-4453-BF7E-E08DE0BE142D}.Release|Any CPU.ActiveCfg = Release
	EndGlobalSection
	GlobalSection(SolutionProperties) = preSolution
		HideSolutionNode = FALSE
	EndGlobalSection
	GlobalSection(ExtensibilityGlobals) = postSolution
		SolutionGuid = {B64EC127-D257-4CF6-9298-C79449852F4B}
	EndGlobalSection
EndGlobal
